// !$*UTF8*$!
{
	archiveVersion = 1;
	classes = {
	};
	objectVersion = 50;
	objects = {

/* Begin PBXBuildFile section */
		0D4B2C632976AAEF0004B801 /* main.swift in Sources */ = {isa = PBXBuildFile; fileRef = 0D4B2C622976AAEF0004B801 /* main.swift */; };
		0D4B2C6B2976AEA80004B801 /* User.swift in Sources */ = {isa = PBXBuildFile; fileRef = 0D4B2C6A2976AEA80004B801 /* User.swift */; };
		0D4B2C6E2976AEB20004B801 /* Student.swift in Sources */ = {isa = PBXBuildFile; fileRef = 0D4B2C6D2976AEB20004B801 /* Student.swift */; };
		0D4B2C712976B4820004B801 /* App.swift in Sources */ = {isa = PBXBuildFile; fileRef = 0D4B2C702976B4820004B801 /* App.swift */; };
		0D4B2C742976B48C0004B801 /* Paid.swift in Sources */ = {isa = PBXBuildFile; fileRef = 0D4B2C732976B48C0004B801 /* Paid.swift */; };
		0D4B2C772976B4940004B801 /* Free.swift in Sources */ = {isa = PBXBuildFile; fileRef = 0D4B2C762976B4940004B801 /* Free.swift */; };
		0D4B2C7A2976B4CA0004B801 /* Smth.swift in Sources */ = {isa = PBXBuildFile; fileRef = 0D4B2C792976B4CA0004B801 /* Smth.swift */; };
		0D4B2C7D2976B4DA0004B801 /* Premium.swift in Sources */ = {isa = PBXBuildFile; fileRef = 0D4B2C7C2976B4DA0004B801 /* Premium.swift */; };
/* End PBXBuildFile section */

/* Begin PBXCopyFilesBuildPhase section */
		0D4B2C5D2976AAEF0004B801 /* CopyFiles */ = {
			isa = PBXCopyFilesBuildPhase;
			buildActionMask = 2147483647;
			dstPath = /usr/share/man/man1/;
			dstSubfolderSpec = 0;
			files = (
			);
			runOnlyForDeploymentPostprocessing = 1;
		};
/* End PBXCopyFilesBuildPhase section */

/* Begin PBXFileReference section */
		0D4B2C5F2976AAEF0004B801 /* HW2 */ = {isa = PBXFileReference; explicitFileType = "compiled.mach-o.executable"; includeInIndex = 0; path = HW2; sourceTree = BUILT_PRODUCTS_DIR; };
		0D4B2C622976AAEF0004B801 /* main.swift */ = {isa = PBXFileReference; lastKnownFileType = sourcecode.swift; path = main.swift; sourceTree = "<group>"; };
		0D4B2C6A2976AEA80004B801 /* User.swift */ = {isa = PBXFileReference; lastKnownFileType = sourcecode.swift; path = User.swift; sourceTree = "<group>"; };
		0D4B2C6D2976AEB20004B801 /* Student.swift */ = {isa = PBXFileReference; lastKnownFileType = sourcecode.swift; path = Student.swift; sourceTree = "<group>"; };
		0D4B2C702976B4820004B801 /* App.swift */ = {isa = PBXFileReference; lastKnownFileType = sourcecode.swift; path = App.swift; sourceTree = "<group>"; };
		0D4B2C732976B48C0004B801 /* Paid.swift */ = {isa = PBXFileReference; lastKnownFileType = sourcecode.swift; path = Paid.swift; sourceTree = "<group>"; };
		0D4B2C762976B4940004B801 /* Free.swift */ = {isa = PBXFileReference; lastKnownFileType = sourcecode.swift; path = Free.swift; sourceTree = "<group>"; };
		0D4B2C792976B4CA0004B801 /* Smth.swift */ = {isa = PBXFileReference; lastKnownFileType = sourcecode.swift; path = Smth.swift; sourceTree = "<group>"; };
		0D4B2C7C2976B4DA0004B801 /* Premium.swift */ = {isa = PBXFileReference; lastKnownFileType = sourcecode.swift; path = Premium.swift; sourceTree = "<group>"; };
/* End PBXFileReference section */

/* Begin PBXFrameworksBuildPhase section */
		0D4B2C5C2976AAEF0004B801 /* Frameworks */ = {
			isa = PBXFrameworksBuildPhase;
			buildActionMask = 2147483647;
			files = (
			);
			runOnlyForDeploymentPostprocessing = 0;
		};
/* End PBXFrameworksBuildPhase section */

/* Begin PBXGroup section */
		0D4B2C562976AAEF0004B801 = {
			isa = PBXGroup;
			children = (
				0D4B2C612976AAEF0004B801 /* HW2 */,
				0D4B2C602976AAEF0004B801 /* Products */,
			);
			sourceTree = "<group>";
		};
		0D4B2C602976AAEF0004B801 /* Products */ = {
			isa = PBXGroup;
			children = (
				0D4B2C5F2976AAEF0004B801 /* HW2 */,
			);
			name = Products;
			sourceTree = "<group>";
		};
		0D4B2C612976AAEF0004B801 /* HW2 */ = {
			isa = PBXGroup;
			children = (
				0D4B2C622976AAEF0004B801 /* main.swift */,
				0D4B2C6A2976AEA80004B801 /* User.swift */,
				0D4B2C6D2976AEB20004B801 /* Student.swift */,
				0D4B2C702976B4820004B801 /* App.swift */,
				0D4B2C732976B48C0004B801 /* Paid.swift */,
				0D4B2C762976B4940004B801 /* Free.swift */,
				0D4B2C792976B4CA0004B801 /* Smth.swift */,
				0D4B2C7C2976B4DA0004B801 /* Premium.swift */,
			);
			path = HW2;
			sourceTree = "<group>";
		};
/* End PBXGroup section */

/* Begin PBXNativeTarget section */
		0D4B2C5E2976AAEF0004B801 /* HW2 */ = {
			isa = PBXNativeTarget;
			buildConfigurationList = 0D4B2C662976AAEF0004B801 /* Build configuration list for PBXNativeTarget "HW2" */;
			buildPhases = (
				0D4B2C5B2976AAEF0004B801 /* Sources */,
				0D4B2C5C2976AAEF0004B801 /* Frameworks */,
				0D4B2C5D2976AAEF0004B801 /* CopyFiles */,
			);
			buildRules = (
			);
			dependencies = (
			);
			name = HW2;
			productName = HW2;
			productReference = 0D4B2C5F2976AAEF0004B801 /* HW2 */;
			productType = "com.apple.product-type.tool";
		};
/* End PBXNativeTarget section */

/* Begin PBXProject section */
		0D4B2C572976AAEF0004B801 /* Project object */ = {
			isa = PBXProject;
			attributes = {
				LastSwiftUpdateCheck = 1210;
				LastUpgradeCheck = 1210;
				TargetAttributes = {
					0D4B2C5E2976AAEF0004B801 = {
						CreatedOnToolsVersion = 12.1;
					};
				};
			};
			buildConfigurationList = 0D4B2C5A2976AAEF0004B801 /* Build configuration list for PBXProject "HW2" */;
			compatibilityVersion = "Xcode 9.3";
			developmentRegion = en;
			hasScannedForEncodings = 0;
			knownRegions = (
				en,
				Base,
			);
			mainGroup = 0D4B2C562976AAEF0004B801;
			productRefGroup = 0D4B2C602976AAEF0004B801 /* Products */;
			projectDirPath = "";
			projectRoot = "";
			targets = (
				0D4B2C5E2976AAEF0004B801 /* HW2 */,
			);
		};
/* End PBXProject section */

/* Begin PBXSourcesBuildPhase section */
		0D4B2C5B2976AAEF0004B801 /* Sources */ = {
			isa = PBXSourcesBuildPhase;
			buildActionMask = 2147483647;
			files = (
				0D4B2C6B2976AEA80004B801 /* User.swift in Sources */,
				0D4B2C712976B4820004B801 /* App.swift in Sources */,
				0D4B2C7A2976B4CA0004B801 /* Smth.swift in Sources */,
				0D4B2C6E2976AEB20004B801 /* Student.swift in Sources */,
				0D4B2C632976AAEF0004B801 /* main.swift in Sources */,
				0D4B2C742976B48C0004B801 /* Paid.swift in Sources */,
				0D4B2C772976B4940004B801 /* Free.swift in Sources */,
				0D4B2C7D2976B4DA0004B801 /* Premium.swift in Sources */,
			);
			runOnlyForDeploymentPostprocessing = 0;
		};
/* End PBXSourcesBuildPhase section */

/* Begin XCBuildConfiguration section */
		0D4B2C642976AAEF0004B801 /* Debug */ = {
			isa = XCBuildConfiguration;
			buildSettings = {
				ALWAYS_SEARCH_USER_PATHS = NO;
				CLANG_ANALYZER_NONNULL = YES;
				CLANG_ANALYZER_NUMBER_OBJECT_CONVERSION = YES_AGGRESSIVE;
				CLANG_CXX_LANGUAGE_STANDARD = "gnu++14";
				CLANG_CXX_LIBRARY = "libc++";
				CLANG_ENABLE_MODULES = YES;
				CLANG_ENABLE_OBJC_ARC = YES;
				CLANG_ENABLE_OBJC_WEAK = YES;
				CLANG_WARN_BLOCK_CAPTURE_AUTORELEASING = YES;
				CLANG_WARN_BOOL_CONVERSION = YES;
				CLANG_WARN_COMMA = YES;
				CLANG_WARN_CONSTANT_CONVERSION = YES;
				CLANG_WARN_DEPRECATED_OBJC_IMPLEMENTATIONS = YES;
				CLANG_WARN_DIRECT_OBJC_ISA_USAGE = YES_ERROR;
				CLANG_WARN_DOCUMENTATION_COMMENTS = YES;
				CLANG_WARN_EMPTY_BODY = YES;
				CLANG_WARN_ENUM_CONVERSION = YES;
				CLANG_WARN_INFINITE_RECURSION = YES;
				CLANG_WARN_INT_CONVERSION = YES;
				CLANG_WARN_NON_LITERAL_NULL_CONVERSION = YES;
				CLANG_WARN_OBJC_IMPLICIT_RETAIN_SELF = YES;
				CLANG_WARN_OBJC_LITERAL_CONVERSION = YES;
				CLANG_WARN_OBJC_ROOT_CLASS = YES_ERROR;
				CLANG_WARN_QUOTED_INCLUDE_IN_FRAMEWORK_HEADER = YES;
				CLANG_WARN_RANGE_LOOP_ANALYSIS = YES;
				CLANG_WARN_STRICT_PROTOTYPES = YES;
				CLANG_WARN_SUSPICIOUS_MOVE = YES;
				CLANG_WARN_UNGUARDED_AVAILABILITY = YES_AGGRESSIVE;
				CLANG_WARN_UNREACHABLE_CODE = YES;
				CLANG_WARN__DUPLICATE_METHOD_MATCH = YES;
				COPY_PHASE_STRIP = NO;
				DEBUG_INFORMATION_FORMAT = dwarf;
				ENABLE_STRICT_OBJC_MSGSEND = YES;
				ENABLE_TESTABILITY = YES;
				GCC_C_LANGUAGE_STANDARD = gnu11;
				GCC_DYNAMIC_NO_PIC = NO;
				GCC_NO_COMMON_BLOCKS = YES;
				GCC_OPTIMIZATION_LEVEL = 0;
				GCC_PREPROCESSOR_DEFINITIONS = (
					"DEBUG=1",
					"$(inherited)",
				);
				GCC_WARN_64_TO_32_BIT_CONVERSION = YES;
				GCC_WARN_ABOUT_RETURN_TYPE = YES_ERROR;
				GCC_WARN_UNDECLARED_SELECTOR = YES;
				GCC_WARN_UNINITIALIZED_AUTOS = YES_AGGRESSIVE;
				GCC_WARN_UNUSED_FUNCTION = YES;
				GCC_WARN_UNUSED_VARIABLE = YES;
				MACOSX_DEPLOYMENT_TARGET = 10.15;
				MTL_ENABLE_DEBUG_INFO = INCLUDE_SOURCE;
				MTL_FAST_MATH = YES;
				ONLY_ACTIVE_ARCH = YES;
				SDKROOT = macosx;
				SWIFT_ACTIVE_COMPILATION_CONDITIONS = DEBUG;
				SWIFT_OPTIMIZATION_LEVEL = "-Onone";
			};
			name = Debug;
		};
		0D4B2C652976AAEF0004B801 /* Release */ = {
			isa = XCBuildConfiguration;
			buildSettings = {
				ALWAYS_SEARCH_USER_PATHS = NO;
				CLANG_ANALYZER_NONNULL = YES;
				CLANG_ANALYZER_NUMBER_OBJECT_CONVERSION = YES_AGGRESSIVE;
				CLANG_CXX_LANGUAGE_STANDARD = "gnu++14";
				CLANG_CXX_LIBRARY = "libc++";
				CLANG_ENABLE_MODULES = YES;
				CLANG_ENABLE_OBJC_ARC = YES;
				CLANG_ENABLE_OBJC_WEAK = YES;
				CLANG_WARN_BLOCK_CAPTURE_AUTORELEASING = YES;
				CLANG_WARN_BOOL_CONVERSION = YES;
				CLANG_WARN_COMMA = YES;
				CLANG_WARN_CONSTANT_CONVERSION = YES;
				CLANG_WARN_DEPRECATED_OBJC_IMPLEMENTATIONS = YES;
				CLANG_WARN_DIRECT_OBJC_ISA_USAGE = YES_ERROR;
				CLANG_WARN_DOCUMENTATION_COMMENTS = YES;
				CLANG_WARN_EMPTY_BODY = YES;
				CLANG_WARN_ENUM_CONVERSION = YES;
				CLANG_WARN_INFINITE_RECURSION = YES;
				CLANG_WARN_INT_CONVERSION = YES;
				CLANG_WARN_NON_LITERAL_NULL_CONVERSION = YES;
				CLANG_WARN_OBJC_IMPLICIT_RETAIN_SELF = YES;
				CLANG_WARN_OBJC_LITERAL_CONVERSION = YES;
				CLANG_WARN_OBJC_ROOT_CLASS = YES_ERROR;
				CLANG_WARN_QUOTED_INCLUDE_IN_FRAMEWORK_HEADER = YES;
				CLANG_WARN_RANGE_LOOP_ANALYSIS = YES;
				CLANG_WARN_STRICT_PROTOTYPES = YES;
				CLANG_WARN_SUSPICIOUS_MOVE = YES;
				CLANG_WARN_UNGUARDED_AVAILABILITY = YES_AGGRESSIVE;
				CLANG_WARN_UNREACHABLE_CODE = YES;
				CLANG_WARN__DUPLICATE_METHOD_MATCH = YES;
				COPY_PHASE_STRIP = NO;
				DEBUG_INFORMATION_FORMAT = "dwarf-with-dsym";
				ENABLE_NS_ASSERTIONS = NO;
				ENABLE_STRICT_OBJC_MSGSEND = YES;
				GCC_C_LANGUAGE_STANDARD = gnu11;
				GCC_NO_COMMON_BLOCKS = YES;
				GCC_WARN_64_TO_32_BIT_CONVERSION = YES;
				GCC_WARN_ABOUT_RETURN_TYPE = YES_ERROR;
				GCC_WARN_UNDECLARED_SELECTOR = YES;
				GCC_WARN_UNINITIALIZED_AUTOS = YES_AGGRESSIVE;
				GCC_WARN_UNUSED_FUNCTION = YES;
				GCC_WARN_UNUSED_VARIABLE = YES;
				MACOSX_DEPLOYMENT_TARGET = 10.15;
				MTL_ENABLE_DEBUG_INFO = NO;
				MTL_FAST_MATH = YES;
				SDKROOT = macosx;
				SWIFT_COMPILATION_MODE = wholemodule;
				SWIFT_OPTIMIZATION_LEVEL = "-O";
			};
			name = Release;
		};
		0D4B2C672976AAEF0004B801 /* Debug */ = {
			isa = XCBuildConfiguration;
			buildSettings = {
				CODE_SIGN_STYLE = Automatic;
				DEVELOPMENT_TEAM = 5N66TMU453;
				ENABLE_HARDENED_RUNTIME = YES;
				PRODUCT_NAME = "$(TARGET_NAME)";
				SWIFT_VERSION = 5.0;
			};
			name = Debug;
		};
		0D4B2C682976AAEF0004B801 /* Release */ = {
			isa = XCBuildConfiguration;
			buildSettings = {
				CODE_SIGN_STYLE = Automatic;
				DEVELOPMENT_TEAM = 5N66TMU453;
				ENABLE_HARDENED_RUNTIME = YES;
				PRODUCT_NAME = "$(TARGET_NAME)";
				SWIFT_VERSION = 5.0;
			};
			name = Release;
		};
/* End XCBuildConfiguration section */

/* Begin XCConfigurationList section */
		0D4B2C5A2976AAEF0004B801 /* Build configuration list for PBXProject "HW2" */ = {
			isa = XCConfigurationList;
			buildConfigurations = (
				0D4B2C642976AAEF0004B801 /* Debug */,
				0D4B2C652976AAEF0004B801 /* Release */,
			);
			defaultConfigurationIsVisible = 0;
			defaultConfigurationName = Release;
		};
		0D4B2C662976AAEF0004B801 /* Build configuration list for PBXNativeTarget "HW2" */ = {
			isa = XCConfigurationList;
			buildConfigurations = (
				0D4B2C672976AAEF0004B801 /* Debug */,
				0D4B2C682976AAEF0004B801 /* Release */,
			);
			defaultConfigurationIsVisible = 0;
			defaultConfigurationName = Release;
		};
/* End XCConfigurationList section */
	};
	rootObject = 0D4B2C572976AAEF0004B801 /* Project object */;
}
